{
  "name": "toc-builder",
  "version": "0.1.4",
  "lockfileVersion": 3,
  "requires": true,
  "packages": {
    "": {
      "name": "toc-builder",
      "version": "0.1.4",
      "dependencies": {
        "@mariozechner/clipboard": "0.3.9",
        "open": "^11.0.0",
        "playwright-core": "1.62.1"
      },
      "bin": {
        "toc": "src/cli.js"
      },
      "engines": {
        "node": ">=20"
      }
    },
    "node_modules/@mariozechner/clipboard": {
      "version": "0.3.9",
      "resolved": "https://registry.npmjs.org/@mariozechner/clipboard/-/clipboard-0.3.9.tgz",
      "integrity": "sha512-ABnA53mdfkGZwOFUdZNv2S0CWGO/EIuPj8Vv9xmBFmSYg/qFc7ihO6q5FcQjvoE67kZpWkEc4AhD6B/os04yuA==",
      "license": "MIT",
      "engines": {
        "node": ">= 10"
      },
      "optionalDependencies": {
        "@mariozechner/clipboard-darwin-arm64": "0.3.9",
        "@mariozechner/clipboard-darwin-universal": "0.3.9",
        "@mariozechner/clipboard-darwin-x64": "0.3.9",
        "@mariozechner/clipboard-linux-arm64-gnu": "0.3.9",
        "@mariozechner/clipboard-linux-arm64-musl": "0.3.9",
        "@mariozechner/clipboard-linux-riscv64-gnu": "0.3.9",
        "@mariozechner/clipboard-linux-x64-gnu": "0.3.9",
        "@mariozechner/clipboard-linux-x64-musl": "0.3.9",
        "@mariozechner/clipboard-win32-arm64-msvc": "0.3.9",
        "@mariozechner/clipboard-win32-x64-msvc": "0.3.9"
      }
    },
    "node_modules/@mariozechner/clipboard-darwin-arm64": {
      "version": "0.3.9",
      "resolved": "https://registry.npmjs.org/@mariozechner/clipboard-darwin-arm64/-/clipboard-darwin-arm64-0.3.9.tgz",
      "integrity": "sha512-BfgV7vCEWZwJwZJw03r6bP5+tf0iI/ANuQYCxi9RNn7FrWB3yzGuMKCrNLRl6V761vXRdL8+OqZ0wd4TqlsNOQ==",
      "cpu": [
        "arm64"
      ],
      "license": "MIT",
      "optional": true,
      "os": [
        "darwin"
      ],
      "engines": {
        "node": ">= 10"
      }
    },
    "node_modules/@mariozechner/clipboard-darwin-universal": {
      "version": "0.3.9",
      "resolved": "https://registry.npmjs.org/@mariozechner/clipboard-darwin-universal/-/clipboard-darwin-universal-0.3.9.tgz",
      "integrity": "sha512-BGGR4iA9Z2shAjI65eI5xtyb3LYNlDW9X3gxKxDbqtbnREohsrqznov6zpKoIrsRWpzlYVEdKphS7ksJ0/ndSQ==",
      "license": "MIT",
      "optional": true,
      "os": [
        "darwin"
      ],
      "engines": {
        "node": ">= 10"
      }
    },
    "node_modules/@mariozechner/clipboard-darwin-x64": {
      "version": "0.3.9",
      "resolved": "https://registry.npmjs.org/@mariozechner/clipboard-darwin-x64/-/clipboard-darwin-x64-0.3.9.tgz",
      "integrity": "sha512-4kURmCbS6nt8uYhtmWpUcJWyPHfmAr5dTpXD1nO3pIfa+TSQ9DbrGOYCKH+aEFW47XhQ4Vp8ZTszie+wfFvDKg==",
      "cpu": [
        "x64"
      ],
      "license": "MIT",
      "optional": true,
      "os": [
        "darwin"
      ],
      "engines": {
        "node": ">= 10"
      }
    },
    "node_modules/@mariozechner/clipboard-linux-arm64-gnu": {
      "version": "0.3.9",
      "resolved": "https://registry.npmjs.org/@mariozechner/clipboard-linux-arm64-gnu/-/clipboard-linux-arm64-gnu-0.3.9.tgz",
      "integrity": "sha512-g59OkUGP2DDfCOIKypHeYgv2M55u/cKvXa5dSxFbEJ34XvIQMdcVmpKCkGUro3ZgefXiGVdwguvTMQGpHWzIXw==",
      "cpu": [
        "arm64"
      ],
      "libc": [
        "glibc"
      ],
      "license": "MIT",
      "optional": true,
      "os": [
        "linux"
      ],
      "engines": {
        "node": ">= 10"
      }
    },
    "node_modules/@mariozechner/clipboard-linux-arm64-musl": {
      "version": "0.3.9",
      "resolved": "https://registry.npmjs.org/@mariozechner/clipboard-linux-arm64-musl/-/clipboard-linux-arm64-musl-0.3.9.tgz",
      "integrity": "sha512-AGuJdgKsmJdm4Pych7kv3sqe591ERRaAHW3xjLooiFzn8J+PxUyof++7YZrB5Y5tpnTO+K18Og3taj2NpluCRQ==",
      "cpu": [
        "arm64"
      ],
      "libc": [
        "musl"
      ],
      "license": "MIT",
      "optional": true,
      "os": [
        "linux"
      ],
      "engines": {
        "node": ">= 10"
      }
    },
    "node_modules/@mariozechner/clipboard-linux-riscv64-gnu": {
      "version": "0.3.9",
      "resolved": "https://registry.npmjs.org/@mariozechner/clipboard-linux-riscv64-gnu/-/clipboard-linux-riscv64-gnu-0.3.9.tgz",
      "integrity": "sha512-DXBEAiuMpk7dhS1a9NzNxVAFi1vaKoPu7rQNgY8LIDLGrK3lnIp3nT10DUum+PKVJoJppIP+NAA8IZe4DMNDPw==",
      "cpu": [
        "riscv64"
      ],
      "libc": [
        "glibc"
      ],
      "license": "MIT",
      "optional": true,
      "os": [
        "linux"
      ],
      "engines": {
        "node": ">= 10"
      }
    },
    "node_modules/@mariozechner/clipboard-linux-x64-gnu": {
      "version": "0.3.9",
      "resolved": "https://registry.npmjs.org/@mariozechner/clipboard-linux-x64-gnu/-/clipboard-linux-x64-gnu-0.3.9.tgz",
      "integrity": "sha512-WORrMLd6EpElEME7JRKfSaY34nW1P5LbdgK5YNCS1ncG2LqmITsSMEJ8nh2mpvxb3TxqbOOKgY7k9eMJYlW9Mw==",
      "cpu": [
        "x64"
      ],
      "libc": [
        "glibc"
      ],
      "license": "MIT",
      "optional": true,
      "os": [
        "linux"
      ],
      "engines": {
        "node": ">= 10"
      }
    },
    "node_modules/@mariozechner/clipboard-linux-x64-musl": {
      "version": "0.3.9",
      "resolved": "https://registry.npmjs.org/@mariozechner/clipboard-linux-x64-musl/-/clipboard-linux-x64-musl-0.3.9.tgz",
      "integrity": "sha512-/DHn+1DrfL6oRaPPWXaOKvonFFrni666fxd+zFqiQEfvBH0tsHVWjq9iqBk0oDp0qaPA72lIMy5BptxISBEhZQ==",
      "cpu": [
        "x64"
      ],
      "libc": [
        "musl"
      ],
      "license": "MIT",
      "optional": true,
      "os": [
        "linux"
      ],
      "engines": {
        "node": ">= 10"
      }
    },
    "node_modules/@mariozechner/clipboard-win32-arm64-msvc": {
      "version": "0.3.9",
      "resolved": "https://registry.npmjs.org/@mariozechner/clipboard-win32-arm64-msvc/-/clipboard-win32-arm64-msvc-0.3.9.tgz",
      "integrity": "sha512-O5FHD3ErkMwMhNzAfu3ggy0ug4z7btZuoQgwwxlzPrwV2bxlD6WDpqBY4NCgICAgZdDKdp+loUEKVAVt8aYnhQ==",
      "cpu": [
        "arm64"
      ],
      "license": "MIT",
      "optional": true,
      "os": [
        "win32"
      ],
      "engines": {
        "node": ">= 10"
      }
    },
    "node_modules/@mariozechner/clipboard-win32-x64-msvc": {
      "version": "0.3.9",
      "resolved": "https://registry.npmjs.org/@mariozechner/clipboard-win32-x64-msvc/-/clipboard-win32-x64-msvc-0.3.9.tgz",
      "integrity": "sha512-ihQC3EufqEY81vhXBgVBtK4prL+wc62zJsSvxrgz7K1hsdt6OObz6v9p3Rn1OG3GJksTTKMJF0u/guMISHPhSA==",
      "cpu": [
        "x64"
      ],
      "license": "MIT",
      "optional": true,
      "os": [
        "win32"
      ],
      "engines": {
        "node": ">= 10"
      }
    },
    "node_modules/bundle-name": {
      "version": "4.1.0",
      "resolved": "https://registry.npmjs.org/bundle-name/-/bundle-name-4.1.0.tgz",
      "integrity": "sha512-tjwM5exMg6BGRI+kNmTntNsvdZS1X8BFYS6tnJ2hdH0kVxM6/eVZ2xy+FqStSWvYmtfFMDLIxurorHwDKfDz5Q==",
      "license": "MIT",
      "dependencies": {
        "run-applescript": "^7.0.0"
      },
      "engines": {
        "node": ">=18"
      },
      "funding": {
        "url": "https://github.com/sponsors/sindresorhus"
      }
    },
    "node_modules/default-browser": {
      "version": "5.5.0",
      "resolved": "https://registry.npmjs.org/default-browser/-/default-browser-5.5.0.tgz",
      "integrity": "sha512-H9LMLr5zwIbSxrmvikGuI/5KGhZ8E2zH3stkMgM5LpOWDutGM2JZaj460Udnf1a+946zc7YBgrqEWwbk7zHvGw==",
      "license": "MIT",
      "dependencies": {
        "bundle-name": "^4.1.0",
        "default-browser-id": "^5.0.0"
      },
      "engines": {
        "node": ">=18"
      },
      "funding": {
        "url": "https://github.com/sponsors/sindresorhus"
      }
    },
    "node_modules/default-browser-id": {
      "version": "5.0.1",
      "resolved": "https://registry.npmjs.org/default-browser-id/-/default-browser-id-5.0.1.tgz",
      "integrity": "sha512-x1VCxdX4t+8wVfd1so/9w+vQ4vx7lKd2Qp5tDRutErwmR85OgmfX7RlLRMWafRMY7hbEiXIbudNrjOAPa/hL8Q==",
      "license": "MIT",
      "engines": {
        "node": ">=18"
      },
      "funding": {
        "url": "https://github.com/sponsors/sindresorhus"
      }
    },
    "node_modules/define-lazy-prop": {
      "version": "3.0.0",
      "resolved": "https://registry.npmjs.org/define-lazy-prop/-/define-lazy-prop-3.0.0.tgz",
      "integrity": "sha512-N+MeXYoqr3pOgn8xfyRPREN7gHakLYjhsHhWGT3fWAiL4IkAt0iDw14QiiEm2bE30c5XX5q0FtAA3CK5f9/BUg==",
      "license": "MIT",
      "engines": {
        "node": ">=12"
      },
      "funding": {
        "url": "https://github.com/sponsors/sindresorhus"
      }
    },
    "node_modules/is-docker": {
      "version": "3.0.0",
      "resolved": "https://registry.npmjs.org/is-docker/-/is-docker-3.0.0.tgz",
      "integrity": "sha512-eljcgEDlEns/7AXFosB5K/2nCM4P7FQPkGc/DWLy5rmFEWvZayGrik1d9/QIY5nJ4f9YsVvBkA6kJpHn9rISdQ==",
      "license": "MIT",
      "bin": {
        "is-docker": "cli.js"
      },
      "engines": {
        "node": "^12.20.0 || ^14.13.1 || >=16.0.0"
      },
      "funding": {
        "url": "https://github.com/sponsors/sindresorhus"
      }
    },
    "node_modules/is-in-ssh": {
      "version": "1.0.0",
      "resolved": "https://registry.npmjs.org/is-in-ssh/-/is-in-ssh-1.0.0.tgz",
      "integrity": "sha512-jYa6Q9rH90kR1vKB6NM7qqd1mge3Fx4Dhw5TVlK1MUBqhEOuCagrEHMevNuCcbECmXZ0ThXkRm+Ymr51HwEPAw==",
      "license": "MIT",
      "engines": {
        "node": ">=20"
      },
      "funding": {
        "url": "https://github.com/sponsors/sindresorhus"
      }
    },
    "node_modules/is-inside-container": {
      "version": "1.0.0",
      "resolved": "https://registry.npmjs.org/is-inside-container/-/is-inside-container-1.0.0.tgz",
      "integrity": "sha512-KIYLCCJghfHZxqjYBE7rEy0OBuTd5xCHS7tHVgvCLkx7StIoaxwNW3hCALgEUjFfeRk+MG/Qxmp/vtETEF3tRA==",
      "license": "MIT",
      "dependencies": {
        "is-docker": "^3.0.0"
      },
      "bin": {
        "is-inside-container": "cli.js"
      },
      "engines": {
        "node": ">=14.16"
      },
      "funding": {
        "url": "https://github.com/sponsors/sindresorhus"
      }
    },
    "node_modules/is-wsl": {
      "version": "3.1.1",
      "resolved": "https://registry.npmjs.org/is-wsl/-/is-wsl-3.1.1.tgz",
      "integrity": "sha512-e6rvdUCiQCAuumZslxRJWR/Doq4VpPR82kqclvcS0efgt430SlGIk05vdCN58+VrzgtIcfNODjozVielycD4Sw==",
      "license": "MIT",
      "dependencies": {
        "is-inside-container": "^1.0.0"
      },
      "engines": {
        "node": ">=16"
      },
      "funding": {
        "url": "https://github.com/sponsors/sindresorhus"
      }
    },
    "node_modules/open": {
      "version": "11.0.0",
      "resolved": "https://registry.npmjs.org/open/-/open-11.0.0.tgz",
      "integrity": "sha512-smsWv2LzFjP03xmvFoJ331ss6h+jixfA4UUV/Bsiyuu4YJPfN+FIQGOIiv4w9/+MoHkfkJ22UIaQWRVFRfH6Vw==",
      "license": "MIT",
      "dependencies": {
        "default-browser": "^5.4.0",
        "define-lazy-prop": "^3.0.0",
        "is-in-ssh": "^1.0.0",
        "is-inside-container": "^1.0.0",
        "powershell-utils": "^0.1.0",
        "wsl-utils": "^0.3.0"
      },
      "engines": {
        "node": ">=20"
      },
      "funding": {
        "url": "https://github.com/sponsors/sindresorhus"
      }
    },
    "node_modules/playwright-core": {
      "version": "1.62.1",
      "resolved": "https://registry.npmjs.org/playwright-core/-/playwright-core-1.62.1.tgz",
      "integrity": "sha512-wPYSwEBJY9GHraISXqyqtx0na0LpO3XEX7jNDhntbex7tzUS7kLnZsOlFruFJB4Hi/rhDMjXGqHewDZ68nYZVw==",
      "license": "Apache-2.0",
      "bin": {
        "playwright-core": "cli.js"
      },
      "engines": {
        "node": ">=20"
      }
    },
    "node_modules/powershell-utils": {
      "version": "0.1.0",
      "resolved": "https://registry.npmjs.org/powershell-utils/-/powershell-utils-0.1.0.tgz",
      "integrity": "sha512-dM0jVuXJPsDN6DvRpea484tCUaMiXWjuCn++HGTqUWzGDjv5tZkEZldAJ/UMlqRYGFrD/etByo4/xOuC/snX2A==",
      "license": "MIT",
      "engines": {
        "node": ">=20"
      },
      "funding": {
        "url": "https://github.com/sponsors/sindresorhus"
      }
    },
    "node_modules/run-applescript": {
      "version": "7.1.0",
      "resolved": "https://registry.npmjs.org/run-applescript/-/run-applescript-7.1.0.tgz",
      "integrity": "sha512-DPe5pVFaAsinSaV6QjQ6gdiedWDcRCbUuiQfQa2wmWV7+xC9bGulGI8+TdRmoFkAPaBXk8CrAbnlY2ISniJ47Q==",
      "license": "MIT",
      "engines": {
        "node": ">=18"
      },
      "funding": {
        "url": "https://github.com/sponsors/sindresorhus"
      }
    },
    "node_modules/wsl-utils": {
      "version": "0.3.1",
      "resolved": "https://registry.npmjs.org/wsl-utils/-/wsl-utils-0.3.1.tgz",
      "integrity": "sha512-g/eziiSUNBSsdDJtCLB8bdYEUMj4jR7AGeUo96p/3dTafgjHhpF4RiCFPiRILwjQoDXx5MqkBr4fwWtR3Ky4Wg==",
      "license": "MIT",
      "dependencies": {
        "is-wsl": "^3.1.0",
        "powershell-utils": "^0.1.0"
      },
      "engines": {
        "node": ">=20"
      },
      "funding": {
        "url": "https://github.com/sponsors/sindresorhus"
      }
    }
  }
}
